
Microsoft Visual Studio Solution File, Format Version 12.00
# Visual Studio 2012
Project("{FAE04EC0-301F-11D3-BF4B-00C04F79EFBC}") = "App", "App\App.csproj", "{0A9EE2F6-C7A5-41D8-89D7-57392B19288C}"
EndProject
Global
	GlobalSection(SolutionConfigurationPlatforms) = preSolution
		Debug|Any CPU = Debug|Any CPU
		Release|Any CPU = Release|Any CPU
	EndGlobalSection
	GlobalSection(ProjectConfigurationPlatforms) = postSolution
		{0A9EE2F6-C7A5-41D8-89D7-57392B19288C}.Debug|Any CPU.ActiveCfg = Debug|Any CPU
		{0A9EE2F6-C7A5-41D8-89D7-57392B19288C}.Debug|Any CPU.Build.0 = Debug|Any CPU
		{0A9EE2F6-C7A5-41D8-89D7-57392B19288C}.Release|Any CPU.ActiveCfg = Release|Any CPU
		{0A9EE2F6-C7A5-41D8-89D7-57392B19288C}.Release|Any CPU.Build.0 = Release|Any CPU
	EndGlobalSection
EndGlobal
